
Microsoft Visual Studio Solution File, Format Version 12.00
# Visual Studio 15
VisualStudioVersion = 15.0.26430.16
MinimumVisualStudioVersion = 10.0.40219.1
Project("{FAE04EC0-301F-11D3-BF4B-00C04F79EFBC}") = "FoodsterApp", "FoodsterApp\FoodsterApp.csproj", "{AE587C15-0322-4294-829B-AD469E15BCCF}"
EndProject
Global
	GlobalSection(SolutionConfigurationPlatforms) = preSolution
		Debug|Any CPU = Debug|Any CPU
		Release|Any CPU = Release|Any CPU
	EndGlobalSection
	GlobalSection(ProjectConfigurationPlatforms) = postSolution
		{AE587C15-0322-4294-829B-AD469E15BCCF}.Debug|Any CPU.ActiveCfg = Debug|Any CPU
		{AE587C15-0322-4294-829B-AD469E15BCCF}.Debug|Any CPU.Build.0 = Debug|Any CPU
		{AE587C15-0322-4294-829B-AD469E15BCCF}.Release|Any CPU.ActiveCfg = Release|Any CPU
		{AE587C15-0322-4294-829B-AD469E15BCCF}.Release|Any CPU.Build.0 = Release|Any CPU
	EndGlobalSection
	GlobalSection(SolutionProperties) = preSolution
		HideSolutionNode = FALSE
	EndGlobalSection
EndGlobal
